
Microsoft Visual Studio Solution File, Format Version 12.00
# Visual Studio Version 16
VisualStudioVersion = 16.0.31613.86
MinimumVisualStudioVersion = 10.0.40219.1
Project("{FAE04EC0-301F-11D3-BF4B-00C04F79EFBC}") = "MMovie", "MMovie\MMovie.csproj", "{46CC7832-AC86-43E0-8853-EB3916DA9503}"
EndProject
Global
	GlobalSection(SolutionConfigurationPlatforms) = preSolution
		Debug|Any CPU = Debug|Any CPU
		Release|Any CPU = Release|Any CPU
	EndGlobalSection
	GlobalSection(ProjectConfigurationPlatforms) = postSolution
		{46CC7832-AC86-43E0-8853-EB3916DA9503}.Debug|Any CPU.ActiveCfg = Debug|Any CPU
		{46CC7832-AC86-43E0-8853-EB3916DA9503}.Debug|Any CPU.Build.0 = Debug|Any CPU
		{46CC7832-AC86-43E0-8853-EB3916DA9503}.Release|Any CPU.ActiveCfg = Release|Any CPU
		{46CC7832-AC86-43E0-8853-EB3916DA9503}.Release|Any CPU.Build.0 = Release|Any CPU
	EndGlobalSection
	GlobalSection(SolutionProperties) = preSolution
		HideSolutionNode = FALSE
	EndGlobalSection
	GlobalSection(ExtensibilityGlobals) = postSolution
		SolutionGuid = {D289EC4E-347E-482C-84D7-6D7D5C25A74D}
	EndGlobalSection
EndGlobal
